// !$*UTF8*$!
{
	archiveVersion = 1;
	classes = {
	};
	objectVersion = 48;
	objects = {

/* Begin PBXBuildFile section */
		22B3376B56C129A7B0E9944F /* libPods-UltimaterugbyTests.a in Frameworks */ = {isa = PBXBuildFile; fileRef = C84BD533DEA4BCC09523512F /* libPods-UltimaterugbyTests.a */; };
		79725973B375463D8C14A4B4 /* libPods-Ultimaterugby.a in Frameworks */ = {isa = PBXBuildFile; fileRef = 358D6FF682E32D73AA103573 /* libPods-Ultimaterugby.a */; };
		A000DC891F80FB39003FFC82 /* PlayerViewModel.m in Sources */ = {isa = PBXBuildFile; fileRef = A000DC881F80FB39003FFC82 /* PlayerViewModel.m */; };
		A000DC8C1F80FB47003FFC82 /* Player.m in Sources */ = {isa = PBXBuildFile; fileRef = A000DC8B1F80FB47003FFC82 /* Player.m */; };
		A000DC8F1F810EBD003FFC82 /* YellowCardCell.m in Sources */ = {isa = PBXBuildFile; fileRef = A000DC8E1F810EBD003FFC82 /* YellowCardCell.m */; };
		A000DC941F810F42003FFC82 /* HomeViewModel.m in Sources */ = {isa = PBXBuildFile; fileRef = A000DC931F810F42003FFC82 /* HomeViewModel.m */; };
		A000DC9B1F816635003FFC82 /* ManagerTimer.m in Sources */ = {isa = PBXBuildFile; fileRef = A000DC9A1F816635003FFC82 /* ManagerTimer.m */; };
		A020E7B11F7FEC0A0012A86F /* main.m in Sources */ = {isa = PBXBuildFile; fileRef = A020E7B01F7FEC0A0012A86F /* main.m */; };
		A020E7D61F7FEC740012A86F /* LaunchScreen.storyboard in Resources */ = {isa = PBXBuildFile; fileRef = A020E7C61F7FEC720012A86F /* LaunchScreen.storyboard */; };
		A020E7D71F7FEC740012A86F /* Main.storyboard in Resources */ = {isa = PBXBuildFile; fileRef = A020E7C81F7FEC720012A86F /* Main.storyboard */; };
		A020E7D81F7FEC740012A86F /* HomeViewController.m in Sources */ = {isa = PBXBuildFile; fileRef = A020E7CB1F7FEC720012A86F /* HomeViewController.m */; };
		A020E7D91F7FEC740012A86F /* Assets.xcassets in Resources */ = {isa = PBXBuildFile; fileRef = A020E7D01F7FEC730012A86F /* Assets.xcassets */; };
		A020E7DA1F7FEC740012A86F /* AppDelegate.m in Sources */ = {isa = PBXBuildFile; fileRef = A020E7D31F7FEC730012A86F /* AppDelegate.m */; };
		A03287941F80F9690061FEF4 /* PlayerTableViewController.m in Sources */ = {isa = PBXBuildFile; fileRef = A03287931F80F9690061FEF4 /* PlayerTableViewController.m */; };
		A0DE069F1F82E92F00929DAB /* PlayerSpec.m in Sources */ = {isa = PBXBuildFile; fileRef = A0DE069E1F82E92F00929DAB /* PlayerSpec.m */; };
		A0DE06A11F82EB4600929DAB /* PlayerViewModelSpec.m in Sources */ = {isa = PBXBuildFile; fileRef = A0DE06A01F82EB4600929DAB /* PlayerViewModelSpec.m */; };
		A0DE06A31F82EDC500929DAB /* ManagerTimerSpec.m in Sources */ = {isa = PBXBuildFile; fileRef = A0DE06A21F82EDC500929DAB /* ManagerTimerSpec.m */; };
		A0DE06A51F82FA3F00929DAB /* HomeViewModelSpec.m in Sources */ = {isa = PBXBuildFile; fileRef = A0DE06A41F82FA3F00929DAB /* HomeViewModelSpec.m */; };
		A0DE06A71F82FE1E00929DAB /* PlayerTableViewControllerSpec.m in Sources */ = {isa = PBXBuildFile; fileRef = A0DE06A61F82FE1E00929DAB /* PlayerTableViewControllerSpec.m */; };
		A0DE06A91F82FF1600929DAB /* HomeViewControllerSpec.m in Sources */ = {isa = PBXBuildFile; fileRef = A0DE06A81F82FF1600929DAB /* HomeViewControllerSpec.m */; };
		A0DE06AB1F8300F300929DAB /* YellowCardCellSpec.m in Sources */ = {isa = PBXBuildFile; fileRef = A0DE06AA1F8300F300929DAB /* YellowCardCellSpec.m */; };
		A0DE06AE1F83D9EC00929DAB /* ultimaterugby.ai in Resources */ = {isa = PBXBuildFile; fileRef = A0DE06AC1F83D9EB00929DAB /* ultimaterugby.ai */; };
		A0DE06AF1F83D9EC00929DAB /* ultimaterugby.psd in Resources */ = {isa = PBXBuildFile; fileRef = A0DE06AD1F83D9EB00929DAB /* ultimaterugby.psd */; };
		A0FBE4651F800D170036FE01 /* digital-7.ttf in Resources */ = {isa = PBXBuildFile; fileRef = A0FBE4641F800D160036FE01 /* digital-7.ttf */; };
/* End PBXBuildFile section */

/* Begin PBXContainerItemProxy section */
		A020E7B71F7FEC0A0012A86F /* PBXContainerItemProxy */ = {
			isa = PBXContainerItemProxy;
			containerPortal = A020E7961F7FEC0A0012A86F /* Project object */;
			proxyType = 1;
			remoteGlobalIDString = A020E79D1F7FEC0A0012A86F;
			remoteInfo = Ultimaterugby;
		};
/* End PBXContainerItemProxy section */

/* Begin PBXFileReference section */
		30F2903AFF1F0DAD87D40D57 /* Pods-Ultimaterugby.release.xcconfig */ = {isa = PBXFileReference; includeInIndex = 1; lastKnownFileType = text.xcconfig; name = "Pods-Ultimaterugby.release.xcconfig"; path = "Pods/Target Support Files/Pods-Ultimaterugby/Pods-Ultimaterugby.release.xcconfig"; sourceTree = "<group>"; };
		358D6FF682E32D73AA103573 /* libPods-Ultimaterugby.a */ = {isa = PBXFileReference; explicitFileType = archive.ar; includeInIndex = 0; path = "libPods-Ultimaterugby.a"; sourceTree = BUILT_PRODUCTS_DIR; };
		A000DC871F80FB39003FFC82 /* PlayerViewModel.h */ = {isa = PBXFileReference; lastKnownFileType = sourcecode.c.h; path = PlayerViewModel.h; sourceTree = "<group>"; };
		A000DC881F80FB39003FFC82 /* PlayerViewModel.m */ = {isa = PBXFileReference; lastKnownFileType = sourcecode.c.objc; path = PlayerViewModel.m; sourceTree = "<group>"; };
		A000DC8A1F80FB47003FFC82 /* Player.h */ = {isa = PBXFileReference; lastKnownFileType = sourcecode.c.h; path = Player.h; sourceTree = "<group>"; };
		A000DC8B1F80FB47003FFC82 /* Player.m */ = {isa = PBXFileReference; lastKnownFileType = sourcecode.c.objc; path = Player.m; sourceTree = "<group>"; };
		A000DC8D1F810EBD003FFC82 /* YellowCardCell.h */ = {isa = PBXFileReference; lastKnownFileType = sourcecode.c.h; path = YellowCardCell.h; sourceTree = "<group>"; };
		A000DC8E1F810EBD003FFC82 /* YellowCardCell.m */ = {isa = PBXFileReference; lastKnownFileType = sourcecode.c.objc; path = YellowCardCell.m; sourceTree = "<group>"; };
		A000DC921F810F42003FFC82 /* HomeViewModel.h */ = {isa = PBXFileReference; lastKnownFileType = sourcecode.c.h; path = HomeViewModel.h; sourceTree = "<group>"; };
		A000DC931F810F42003FFC82 /* HomeViewModel.m */ = {isa = PBXFileReference; lastKnownFileType = sourcecode.c.objc; path = HomeViewModel.m; sourceTree = "<group>"; };
		A000DC951F811023003FFC82 /* HomeViewController.h */ = {isa = PBXFileReference; fileEncoding = 4; lastKnownFileType = sourcecode.c.h; path = HomeViewController.h; sourceTree = "<group>"; };
		A000DC981F815D30003FFC82 /* Constants.h */ = {isa = PBXFileReference; lastKnownFileType = sourcecode.c.h; path = Constants.h; sourceTree = "<group>"; };
		A000DC991F816635003FFC82 /* ManagerTimer.h */ = {isa = PBXFileReference; lastKnownFileType = sourcecode.c.h; path = ManagerTimer.h; sourceTree = "<group>"; };
		A000DC9A1F816635003FFC82 /* ManagerTimer.m */ = {isa = PBXFileReference; lastKnownFileType = sourcecode.c.objc; path = ManagerTimer.m; sourceTree = "<group>"; };
		A020E79E1F7FEC0A0012A86F /* Ultimaterugby.app */ = {isa = PBXFileReference; explicitFileType = wrapper.application; includeInIndex = 0; path = Ultimaterugby.app; sourceTree = BUILT_PRODUCTS_DIR; };
		A020E7AF1F7FEC0A0012A86F /* Info.plist */ = {isa = PBXFileReference; lastKnownFileType = text.plist.xml; path = Info.plist; sourceTree = "<group>"; };
		A020E7B01F7FEC0A0012A86F /* main.m */ = {isa = PBXFileReference; lastKnownFileType = sourcecode.c.objc; path = main.m; sourceTree = "<group>"; };
		A020E7B61F7FEC0A0012A86F /* UltimaterugbyTests.xctest */ = {isa = PBXFileReference; explicitFileType = wrapper.cfbundle; includeInIndex = 0; path = UltimaterugbyTests.xctest; sourceTree = BUILT_PRODUCTS_DIR; };
		A020E7BC1F7FEC0A0012A86F /* Info.plist */ = {isa = PBXFileReference; lastKnownFileType = text.plist.xml; path = Info.plist; sourceTree = "<group>"; };
		A020E7C71F7FEC720012A86F /* Base */ = {isa = PBXFileReference; lastKnownFileType = file.storyboard; name = Base; path = Base.lproj/LaunchScreen.storyboard; sourceTree = "<group>"; };
		A020E7C91F7FEC720012A86F /* Base */ = {isa = PBXFileReference; lastKnownFileType = file.storyboard; name = Base; path = Base.lproj/Main.storyboard; sourceTree = "<group>"; };
		A020E7CB1F7FEC720012A86F /* HomeViewController.m */ = {isa = PBXFileReference; fileEncoding = 4; lastKnownFileType = sourcecode.c.objc; path = HomeViewController.m; sourceTree = "<group>"; };
		A020E7D01F7FEC730012A86F /* Assets.xcassets */ = {isa = PBXFileReference; lastKnownFileType = folder.assetcatalog; path = Assets.xcassets; sourceTree = "<group>"; };
		A020E7D21F7FEC730012A86F /* AppDelegate.h */ = {isa = PBXFileReference; fileEncoding = 4; lastKnownFileType = sourcecode.c.h; path = AppDelegate.h; sourceTree = "<group>"; };
		A020E7D31F7FEC730012A86F /* AppDelegate.m */ = {isa = PBXFileReference; fileEncoding = 4; lastKnownFileType = sourcecode.c.objc; path = AppDelegate.m; sourceTree = "<group>"; };
		A03287921F80F9690061FEF4 /* PlayerTableViewController.h */ = {isa = PBXFileReference; lastKnownFileType = sourcecode.c.h; path = PlayerTableViewController.h; sourceTree = "<group>"; };
		A03287931F80F9690061FEF4 /* PlayerTableViewController.m */ = {isa = PBXFileReference; lastKnownFileType = sourcecode.c.objc; path = PlayerTableViewController.m; sourceTree = "<group>"; };
		A0DE069E1F82E92F00929DAB /* PlayerSpec.m */ = {isa = PBXFileReference; lastKnownFileType = sourcecode.c.objc; path = PlayerSpec.m; sourceTree = "<group>"; };
		A0DE06A01F82EB4600929DAB /* PlayerViewModelSpec.m */ = {isa = PBXFileReference; lastKnownFileType = sourcecode.c.objc; path = PlayerViewModelSpec.m; sourceTree = "<group>"; };
		A0DE06A21F82EDC500929DAB /* ManagerTimerSpec.m */ = {isa = PBXFileReference; lastKnownFileType = sourcecode.c.objc; path = ManagerTimerSpec.m; sourceTree = "<group>"; };
		A0DE06A41F82FA3F00929DAB /* HomeViewModelSpec.m */ = {isa = PBXFileReference; lastKnownFileType = sourcecode.c.objc; path = HomeViewModelSpec.m; sourceTree = "<group>"; };
		A0DE06A61F82FE1E00929DAB /* PlayerTableViewControllerSpec.m */ = {isa = PBXFileReference; lastKnownFileType = sourcecode.c.objc; path = PlayerTableViewControllerSpec.m; sourceTree = "<group>"; };
		A0DE06A81F82FF1600929DAB /* HomeViewControllerSpec.m */ = {isa = PBXFileReference; lastKnownFileType = sourcecode.c.objc; path = HomeViewControllerSpec.m; sourceTree = "<group>"; };
		A0DE06AA1F8300F300929DAB /* YellowCardCellSpec.m */ = {isa = PBXFileReference; lastKnownFileType = sourcecode.c.objc; path = YellowCardCellSpec.m; sourceTree = "<group>"; };
		A0DE06AC1F83D9EB00929DAB /* ultimaterugby.ai */ = {isa = PBXFileReference; fileEncoding = 4; lastKnownFileType = text; path = ultimaterugby.ai; sourceTree = "<group>"; };
		A0DE06AD1F83D9EB00929DAB /* ultimaterugby.psd */ = {isa = PBXFileReference; lastKnownFileType = file; path = ultimaterugby.psd; sourceTree = "<group>"; };
		A0FBE4641F800D160036FE01 /* digital-7.ttf */ = {isa = PBXFileReference; lastKnownFileType = file; path = "digital-7.ttf"; sourceTree = "<group>"; };
		C681B3DDA7ED41B28A5F5A73 /* Pods-UltimaterugbyTests.debug.xcconfig */ = {isa = PBXFileReference; includeInIndex = 1; lastKnownFileType = text.xcconfig; name = "Pods-UltimaterugbyTests.debug.xcconfig"; path = "Pods/Target Support Files/Pods-UltimaterugbyTests/Pods-UltimaterugbyTests.debug.xcconfig"; sourceTree = "<group>"; };
		C84BD533DEA4BCC09523512F /* libPods-UltimaterugbyTests.a */ = {isa = PBXFileReference; explicitFileType = archive.ar; includeInIndex = 0; path = "libPods-UltimaterugbyTests.a"; sourceTree = BUILT_PRODUCTS_DIR; };
		E3E66E14D63A729DDF8551FA /* Pods-UltimaterugbyTests.release.xcconfig */ = {isa = PBXFileReference; includeInIndex = 1; lastKnownFileType = text.xcconfig; name = "Pods-UltimaterugbyTests.release.xcconfig"; path = "Pods/Target Support Files/Pods-UltimaterugbyTests/Pods-UltimaterugbyTests.release.xcconfig"; sourceTree = "<group>"; };
		E81D3617527F52C78E015A4E /* Pods-Ultimaterugby.debug.xcconfig */ = {isa = PBXFileReference; includeInIndex = 1; lastKnownFileType = text.xcconfig; name = "Pods-Ultimaterugby.debug.xcconfig"; path = "Pods/Target Support Files/Pods-Ultimaterugby/Pods-Ultimaterugby.debug.xcconfig"; sourceTree = "<group>"; };
/* End PBXFileReference section */

/* Begin PBXFrameworksBuildPhase section */
		A020E79B1F7FEC0A0012A86F /* Frameworks */ = {
			isa = PBXFrameworksBuildPhase;
			buildActionMask = 2147483647;
			files = (
				79725973B375463D8C14A4B4 /* libPods-Ultimaterugby.a in Frameworks */,
			);
			runOnlyForDeploymentPostprocessing = 0;
		};
		A020E7B31F7FEC0A0012A86F /* Frameworks */ = {
			isa = PBXFrameworksBuildPhase;
			buildActionMask = 2147483647;
			files = (
				22B3376B56C129A7B0E9944F /* libPods-UltimaterugbyTests.a in Frameworks */,
			);
			runOnlyForDeploymentPostprocessing = 0;
		};
/* End PBXFrameworksBuildPhase section */

/* Begin PBXGroup section */
		62D850133E5AA81EBB17F411 /* Pods */ = {
			isa = PBXGroup;
			children = (
				E81D3617527F52C78E015A4E /* Pods-Ultimaterugby.debug.xcconfig */,
				30F2903AFF1F0DAD87D40D57 /* Pods-Ultimaterugby.release.xcconfig */,
				C681B3DDA7ED41B28A5F5A73 /* Pods-UltimaterugbyTests.debug.xcconfig */,
				E3E66E14D63A729DDF8551FA /* Pods-UltimaterugbyTests.release.xcconfig */,
			);
			name = Pods;
			sourceTree = "<group>";
		};
		A000DC901F810EC6003FFC82 /* Cells */ = {
			isa = PBXGroup;
			children = (
				A000DC8D1F810EBD003FFC82 /* YellowCardCell.h */,
				A000DC8E1F810EBD003FFC82 /* YellowCardCell.m */,
			);
			name = Cells;
			sourceTree = "<group>";
		};
		A000DC911F810ED7003FFC82 /* ViewControllers */ = {
			isa = PBXGroup;
			children = (
				A000DC951F811023003FFC82 /* HomeViewController.h */,
				A020E7CB1F7FEC720012A86F /* HomeViewController.m */,
				A03287921F80F9690061FEF4 /* PlayerTableViewController.h */,
				A03287931F80F9690061FEF4 /* PlayerTableViewController.m */,
			);
			name = ViewControllers;
			sourceTree = "<group>";
		};
		A000DC9C1F829D8E003FFC82 /* Categories */ = {
			isa = PBXGroup;
			children = (
			);
			path = Categories;
			sourceTree = "<group>";
		};
		A020E7951F7FEC0A0012A86F = {
			isa = PBXGroup;
			children = (
				A020E7A01F7FEC0A0012A86F /* Ultimaterugby */,
				A020E7B91F7FEC0A0012A86F /* UltimaterugbyTests */,
				A020E79F1F7FEC0A0012A86F /* Products */,
				62D850133E5AA81EBB17F411 /* Pods */,
				E43181A18B54BF6D72A1EE08 /* Frameworks */,
			);
			sourceTree = "<group>";
		};
		A020E79F1F7FEC0A0012A86F /* Products */ = {
			isa = PBXGroup;
			children = (
				A020E79E1F7FEC0A0012A86F /* Ultimaterugby.app */,
				A020E7B61F7FEC0A0012A86F /* UltimaterugbyTests.xctest */,
			);
			name = Products;
			sourceTree = "<group>";
		};
		A020E7A01F7FEC0A0012A86F /* Ultimaterugby */ = {
			isa = PBXGroup;
			children = (
				A020E7C51F7FEC720012A86F /* Storyboards */,
				A020E7D11F7FEC730012A86F /* Main */,
				A000DC9C1F829D8E003FFC82 /* Categories */,
				A020E7CD1F7FEC730012A86F /* Helpers */,
				A020E7D41F7FEC740012A86F /* Services */,
				A020E7CA1F7FEC720012A86F /* Views */,
				A020E7CE1F7FEC730012A86F /* Models */,
				A020E7D51F7FEC740012A86F /* ViewModels */,
				A020E7CF1F7FEC730012A86F /* Resources */,
				A020E7AF1F7FEC0A0012A86F /* Info.plist */,
				A020E7B01F7FEC0A0012A86F /* main.m */,
			);
			path = Ultimaterugby;
			sourceTree = "<group>";
		};
		A020E7B91F7FEC0A0012A86F /* UltimaterugbyTests */ = {
			isa = PBXGroup;
			children = (
				A020E7BC1F7FEC0A0012A86F /* Info.plist */,
				A0DE069E1F82E92F00929DAB /* PlayerSpec.m */,
				A0DE06A01F82EB4600929DAB /* PlayerViewModelSpec.m */,
				A0DE06A21F82EDC500929DAB /* ManagerTimerSpec.m */,
				A0DE06A61F82FE1E00929DAB /* PlayerTableViewControllerSpec.m */,
				A0DE06A41F82FA3F00929DAB /* HomeViewModelSpec.m */,
				A0DE06AA1F8300F300929DAB /* YellowCardCellSpec.m */,
				A0DE06A81F82FF1600929DAB /* HomeViewControllerSpec.m */,
			);
			path = UltimaterugbyTests;
			sourceTree = "<group>";
		};
		A020E7C51F7FEC720012A86F /* Storyboards */ = {
			isa = PBXGroup;
			children = (
				A020E7C61F7FEC720012A86F /* LaunchScreen.storyboard */,
				A020E7C81F7FEC720012A86F /* Main.storyboard */,
			);
			path = Storyboards;
			sourceTree = "<group>";
		};
		A020E7CA1F7FEC720012A86F /* Views */ = {
			isa = PBXGroup;
			children = (
				A000DC901F810EC6003FFC82 /* Cells */,
				A000DC911F810ED7003FFC82 /* ViewControllers */,
			);
			path = Views;
			sourceTree = "<group>";
		};
		A020E7CD1F7FEC730012A86F /* Helpers */ = {
			isa = PBXGroup;
			children = (
				A000DC981F815D30003FFC82 /* Constants.h */,
				A000DC991F816635003FFC82 /* ManagerTimer.h */,
				A000DC9A1F816635003FFC82 /* ManagerTimer.m */,
			);
			path = Helpers;
			sourceTree = "<group>";
		};
		A020E7CE1F7FEC730012A86F /* Models */ = {
			isa = PBXGroup;
			children = (
				A000DC8A1F80FB47003FFC82 /* Player.h */,
				A000DC8B1F80FB47003FFC82 /* Player.m */,
			);
			path = Models;
			sourceTree = "<group>";
		};
		A020E7CF1F7FEC730012A86F /* Resources */ = {
			isa = PBXGroup;
			children = (
				A0FBE4631F800D160036FE01 /* Fonts */,
				A0DE06AC1F83D9EB00929DAB /* ultimaterugby.ai */,
				A0DE06AD1F83D9EB00929DAB /* ultimaterugby.psd */,
				A020E7D01F7FEC730012A86F /* Assets.xcassets */,
			);
			path = Resources;
			sourceTree = "<group>";
		};
		A020E7D11F7FEC730012A86F /* Main */ = {
			isa = PBXGroup;
			children = (
				A020E7D21F7FEC730012A86F /* AppDelegate.h */,
				A020E7D31F7FEC730012A86F /* AppDelegate.m */,
			);
			path = Main;
			sourceTree = "<group>";
		};
		A020E7D41F7FEC740012A86F /* Services */ = {
			isa = PBXGroup;
			children = (
			);
			path = Services;
			sourceTree = "<group>";
		};
		A020E7D51F7FEC740012A86F /* ViewModels */ = {
			isa = PBXGroup;
			children = (
				A000DC921F810F42003FFC82 /* HomeViewModel.h */,
				A000DC931F810F42003FFC82 /* HomeViewModel.m */,
				A000DC871F80FB39003FFC82 /* PlayerViewModel.h */,
				A000DC881F80FB39003FFC82 /* PlayerViewModel.m */,
			);
			path = ViewModels;
			sourceTree = "<group>";
		};
		A0FBE4631F800D160036FE01 /* Fonts */ = {
			isa = PBXGroup;
			children = (
				A0FBE4641F800D160036FE01 /* digital-7.ttf */,
			);
			path = Fonts;
			sourceTree = "<group>";
		};
		E43181A18B54BF6D72A1EE08 /* Frameworks */ = {
			isa = PBXGroup;
			children = (
				358D6FF682E32D73AA103573 /* libPods-Ultimaterugby.a */,
				C84BD533DEA4BCC09523512F /* libPods-UltimaterugbyTests.a */,
			);
			name = Frameworks;
			sourceTree = "<group>";
		};
/* End PBXGroup section */

/* Begin PBXNativeTarget section */
		A020E79D1F7FEC0A0012A86F /* Ultimaterugby */ = {
			isa = PBXNativeTarget;
			buildConfigurationList = A020E7BF1F7FEC0A0012A86F /* Build configuration list for PBXNativeTarget "Ultimaterugby" */;
			buildPhases = (
				0FE5DC74D3A8D566EB2EF788 /* [CP] Check Pods Manifest.lock */,
				A020E79A1F7FEC0A0012A86F /* Sources */,
				A020E79B1F7FEC0A0012A86F /* Frameworks */,
				A020E79C1F7FEC0A0012A86F /* Resources */,
				95B54089BC6BA6DEEADB388F /* [CP] Embed Pods Frameworks */,
				EC73CF00B98D2CBF5B3E6EFC /* [CP] Copy Pods Resources */,
			);
			buildRules = (
			);
			dependencies = (
			);
			name = Ultimaterugby;
			productName = Ultimaterugby;
			productReference = A020E79E1F7FEC0A0012A86F /* Ultimaterugby.app */;
			productType = "com.apple.product-type.application";
		};
		A020E7B51F7FEC0A0012A86F /* UltimaterugbyTests */ = {
			isa = PBXNativeTarget;
			buildConfigurationList = A020E7C21F7FEC0A0012A86F /* Build configuration list for PBXNativeTarget "UltimaterugbyTests" */;
			buildPhases = (
				258E50486618328E04AA084D /* [CP] Check Pods Manifest.lock */,
				A020E7B21F7FEC0A0012A86F /* Sources */,
				A020E7B31F7FEC0A0012A86F /* Frameworks */,
				A020E7B41F7FEC0A0012A86F /* Resources */,
				B5004BDDDCC7688BD9831D52 /* [CP] Embed Pods Frameworks */,
				B9FD144A71ACAC2A06599F43 /* [CP] Copy Pods Resources */,
			);
			buildRules = (
			);
			dependencies = (
				A020E7B81F7FEC0A0012A86F /* PBXTargetDependency */,
			);
			name = UltimaterugbyTests;
			productName = UltimaterugbyTests;
			productReference = A020E7B61F7FEC0A0012A86F /* UltimaterugbyTests.xctest */;
			productType = "com.apple.product-type.bundle.unit-test";
		};
/* End PBXNativeTarget section */

/* Begin PBXProject section */
		A020E7961F7FEC0A0012A86F /* Project object */ = {
			isa = PBXProject;
			attributes = {
				LastUpgradeCheck = 0900;
				ORGANIZATIONNAME = SiriusCode;
				TargetAttributes = {
					A020E79D1F7FEC0A0012A86F = {
						CreatedOnToolsVersion = 9.0;
						ProvisioningStyle = Automatic;
					};
					A020E7B51F7FEC0A0012A86F = {
						CreatedOnToolsVersion = 9.0;
						ProvisioningStyle = Automatic;
						TestTargetID = A020E79D1F7FEC0A0012A86F;
					};
				};
			};
			buildConfigurationList = A020E7991F7FEC0A0012A86F /* Build configuration list for PBXProject "Ultimaterugby" */;
			compatibilityVersion = "Xcode 8.0";
			developmentRegion = en;
			hasScannedForEncodings = 0;
			knownRegions = (
				en,
				Base,
			);
			mainGroup = A020E7951F7FEC0A0012A86F;
			productRefGroup = A020E79F1F7FEC0A0012A86F /* Products */;
			projectDirPath = "";
			projectRoot = "";
			targets = (
				A020E79D1F7FEC0A0012A86F /* Ultimaterugby */,
				A020E7B51F7FEC0A0012A86F /* UltimaterugbyTests */,
			);
		};
/* End PBXProject section */

/* Begin PBXResourcesBuildPhase section */
		A020E79C1F7FEC0A0012A86F /* Resources */ = {
			isa = PBXResourcesBuildPhase;
			buildActionMask = 2147483647;
			files = (
				A0DE06AF1F83D9EC00929DAB /* ultimaterugby.psd in Resources */,
				A020E7D61F7FEC740012A86F /* LaunchScreen.storyboard in Resources */,
				A020E7D91F7FEC740012A86F /* Assets.xcassets in Resources */,
				A020E7D71F7FEC740012A86F /* Main.storyboard in Resources */,
				A0FBE4651F800D170036FE01 /* digital-7.ttf in Resources */,
				A0DE06AE1F83D9EC00929DAB /* ultimaterugby.ai in Resources */,
			);
			runOnlyForDeploymentPostprocessing = 0;
		};
		A020E7B41F7FEC0A0012A86F /* Resources */ = {
			isa = PBXResourcesBuildPhase;
			buildActionMask = 2147483647;
			files = (
			);
			runOnlyForDeploymentPostprocessing = 0;
		};
/* End PBXResourcesBuildPhase section */

/* Begin PBXShellScriptBuildPhase section */
		0FE5DC74D3A8D566EB2EF788 /* [CP] Check Pods Manifest.lock */ = {
			isa = PBXShellScriptBuildPhase;
			buildActionMask = 2147483647;
			files = (
			);
			inputPaths = (
				"${PODS_PODFILE_DIR_PATH}/Podfile.lock",
				"${PODS_ROOT}/Manifest.lock",
			);
			name = "[CP] Check Pods Manifest.lock";
			outputPaths = (
				"$(DERIVED_FILE_DIR)/Pods-Ultimaterugby-checkManifestLockResult.txt",
			);
			runOnlyForDeploymentPostprocessing = 0;
			shellPath = /bin/sh;
			shellScript = "diff \"${PODS_PODFILE_DIR_PATH}/Podfile.lock\" \"${PODS_ROOT}/Manifest.lock\" > /dev/null\nif [ $? != 0 ] ; then\n    # print error to STDERR\n    echo \"error: The sandbox is not in sync with the Podfile.lock. Run 'pod install' or update your CocoaPods installation.\" >&2\n    exit 1\nfi\n# This output is used by Xcode 'outputs' to avoid re-running this script phase.\necho \"SUCCESS\" > \"${SCRIPT_OUTPUT_FILE_0}\"\n";
			showEnvVarsInLog = 0;
		};
		258E50486618328E04AA084D /* [CP] Check Pods Manifest.lock */ = {
			isa = PBXShellScriptBuildPhase;
			buildActionMask = 2147483647;
			files = (
			);
			inputPaths = (
				"${PODS_PODFILE_DIR_PATH}/Podfile.lock",
				"${PODS_ROOT}/Manifest.lock",
			);
			name = "[CP] Check Pods Manifest.lock";
			outputPaths = (
				"$(DERIVED_FILE_DIR)/Pods-UltimaterugbyTests-checkManifestLockResult.txt",
			);
			runOnlyForDeploymentPostprocessing = 0;
			shellPath = /bin/sh;
			shellScript = "diff \"${PODS_PODFILE_DIR_PATH}/Podfile.lock\" \"${PODS_ROOT}/Manifest.lock\" > /dev/null\nif [ $? != 0 ] ; then\n    # print error to STDERR\n    echo \"error: The sandbox is not in sync with the Podfile.lock. Run 'pod install' or update your CocoaPods installation.\" >&2\n    exit 1\nfi\n# This output is used by Xcode 'outputs' to avoid re-running this script phase.\necho \"SUCCESS\" > \"${SCRIPT_OUTPUT_FILE_0}\"\n";
			showEnvVarsInLog = 0;
		};
		95B54089BC6BA6DEEADB388F /* [CP] Embed Pods Frameworks */ = {
			isa = PBXShellScriptBuildPhase;
			buildActionMask = 2147483647;
			files = (
			);
			inputPaths = (
			);
			name = "[CP] Embed Pods Frameworks";
			outputPaths = (
			);
			runOnlyForDeploymentPostprocessing = 0;
			shellPath = /bin/sh;
			shellScript = "\"${SRCROOT}/Pods/Target Support Files/Pods-Ultimaterugby/Pods-Ultimaterugby-frameworks.sh\"\n";
			showEnvVarsInLog = 0;
		};
		B5004BDDDCC7688BD9831D52 /* [CP] Embed Pods Frameworks */ = {
			isa = PBXShellScriptBuildPhase;
			buildActionMask = 2147483647;
			files = (
			);
			inputPaths = (
			);
			name = "[CP] Embed Pods Frameworks";
			outputPaths = (
			);
			runOnlyForDeploymentPostprocessing = 0;
			shellPath = /bin/sh;
			shellScript = "\"${SRCROOT}/Pods/Target Support Files/Pods-UltimaterugbyTests/Pods-UltimaterugbyTests-frameworks.sh\"\n";
			showEnvVarsInLog = 0;
		};
		B9FD144A71ACAC2A06599F43 /* [CP] Copy Pods Resources */ = {
			isa = PBXShellScriptBuildPhase;
			buildActionMask = 2147483647;
			files = (
			);
			inputPaths = (
			);
			name = "[CP] Copy Pods Resources";
			outputPaths = (
			);
			runOnlyForDeploymentPostprocessing = 0;
			shellPath = /bin/sh;
			shellScript = "\"${SRCROOT}/Pods/Target Support Files/Pods-UltimaterugbyTests/Pods-UltimaterugbyTests-resources.sh\"\n";
			showEnvVarsInLog = 0;
		};
		EC73CF00B98D2CBF5B3E6EFC /* [CP] Copy Pods Resources */ = {
			isa = PBXShellScriptBuildPhase;
			buildActionMask = 2147483647;
			files = (
			);
			inputPaths = (
			);
			name = "[CP] Copy Pods Resources";
			outputPaths = (
			);
			runOnlyForDeploymentPostprocessing = 0;
			shellPath = /bin/sh;
			shellScript = "\"${SRCROOT}/Pods/Target Support Files/Pods-Ultimaterugby/Pods-Ultimaterugby-resources.sh\"\n";
			showEnvVarsInLog = 0;
		};
/* End PBXShellScriptBuildPhase section */

/* Begin PBXSourcesBuildPhase section */
		A020E79A1F7FEC0A0012A86F /* Sources */ = {
			isa = PBXSourcesBuildPhase;
			buildActionMask = 2147483647;
			files = (
				A020E7D81F7FEC740012A86F /* HomeViewController.m in Sources */,
				A020E7B11F7FEC0A0012A86F /* main.m in Sources */,
				A03287941F80F9690061FEF4 /* PlayerTableViewController.m in Sources */,
				A000DC891F80FB39003FFC82 /* PlayerViewModel.m in Sources */,
				A000DC8F1F810EBD003FFC82 /* YellowCardCell.m in Sources */,
				A000DC8C1F80FB47003FFC82 /* Player.m in Sources */,
				A020E7DA1F7FEC740012A86F /* AppDelegate.m in Sources */,
				A000DC9B1F816635003FFC82 /* ManagerTimer.m in Sources */,
				A000DC941F810F42003FFC82 /* HomeViewModel.m in Sources */,
			);
			runOnlyForDeploymentPostprocessing = 0;
		};
		A020E7B21F7FEC0A0012A86F /* Sources */ = {
			isa = PBXSourcesBuildPhase;
			buildActionMask = 2147483647;
			files = (
				A0DE06A31F82EDC500929DAB /* ManagerTimerSpec.m in Sources */,
				A0DE06A11F82EB4600929DAB /* PlayerViewModelSpec.m in Sources */,
				A0DE06A51F82FA3F00929DAB /* HomeViewModelSpec.m in Sources */,
				A0DE06AB1F8300F300929DAB /* YellowCardCellSpec.m in Sources */,
				A0DE069F1F82E92F00929DAB /* PlayerSpec.m in Sources */,
				A0DE06A91F82FF1600929DAB /* HomeViewControllerSpec.m in Sources */,
				A0DE06A71F82FE1E00929DAB /* PlayerTableViewControllerSpec.m in Sources */,
			);
			runOnlyForDeploymentPostprocessing = 0;
		};
/* End PBXSourcesBuildPhase section */

/* Begin PBXTargetDependency section */
		A020E7B81F7FEC0A0012A86F /* PBXTargetDependency */ = {
			isa = PBXTargetDependency;
			target = A020E79D1F7FEC0A0012A86F /* Ultimaterugby */;
			targetProxy = A020E7B71F7FEC0A0012A86F /* PBXContainerItemProxy */;
		};
/* End PBXTargetDependency section */

/* Begin PBXVariantGroup section */
		A020E7C61F7FEC720012A86F /* LaunchScreen.storyboard */ = {
			isa = PBXVariantGroup;
			children = (
				A020E7C71F7FEC720012A86F /* Base */,
			);
			name = LaunchScreen.storyboard;
			sourceTree = "<group>";
		};
		A020E7C81F7FEC720012A86F /* Main.storyboard */ = {
			isa = PBXVariantGroup;
			children = (
				A020E7C91F7FEC720012A86F /* Base */,
			);
			name = Main.storyboard;
			sourceTree = "<group>";
		};
/* End PBXVariantGroup section */

/* Begin XCBuildConfiguration section */
		A020E7BD1F7FEC0A0012A86F /* Debug */ = {
			isa = XCBuildConfiguration;
			buildSettings = {
				ALWAYS_SEARCH_USER_PATHS = NO;
				CLANG_ANALYZER_NONNULL = YES;
				CLANG_ANALYZER_NUMBER_OBJECT_CONVERSION = YES_AGGRESSIVE;
				CLANG_CXX_LANGUAGE_STANDARD = "gnu++14";
				CLANG_CXX_LIBRARY = "libc++";
				CLANG_ENABLE_MODULES = YES;
				CLANG_ENABLE_OBJC_ARC = YES;
				CLANG_WARN_BLOCK_CAPTURE_AUTORELEASING = YES;
				CLANG_WARN_BOOL_CONVERSION = YES;
				CLANG_WARN_COMMA = YES;
				CLANG_WARN_CONSTANT_CONVERSION = YES;
				CLANG_WARN_DIRECT_OBJC_ISA_USAGE = YES_ERROR;
				CLANG_WARN_DOCUMENTATION_COMMENTS = YES;
				CLANG_WARN_EMPTY_BODY = YES;
				CLANG_WARN_ENUM_CONVERSION = YES;
				CLANG_WARN_INFINITE_RECURSION = YES;
				CLANG_WARN_INT_CONVERSION = YES;
				CLANG_WARN_NON_LITERAL_NULL_CONVERSION = YES;
				CLANG_WARN_OBJC_LITERAL_CONVERSION = YES;
				CLANG_WARN_OBJC_ROOT_CLASS = YES_ERROR;
				CLANG_WARN_RANGE_LOOP_ANALYSIS = YES;
				CLANG_WARN_STRICT_PROTOTYPES = YES;
				CLANG_WARN_SUSPICIOUS_MOVE = YES;
				CLANG_WARN_UNGUARDED_AVAILABILITY = YES_AGGRESSIVE;
				CLANG_WARN_UNREACHABLE_CODE = YES;
				CLANG_WARN__DUPLICATE_METHOD_MATCH = YES;
				CODE_SIGN_IDENTITY = "iPhone Developer";
				COPY_PHASE_STRIP = NO;
				DEBUG_INFORMATION_FORMAT = dwarf;
				ENABLE_STRICT_OBJC_MSGSEND = YES;
				ENABLE_TESTABILITY = YES;
				GCC_C_LANGUAGE_STANDARD = gnu11;
				GCC_DYNAMIC_NO_PIC = NO;
				GCC_NO_COMMON_BLOCKS = YES;
				GCC_OPTIMIZATION_LEVEL = 0;
				GCC_PREPROCESSOR_DEFINITIONS = (
					"DEBUG=1",
					"$(inherited)",
				);
				GCC_WARN_64_TO_32_BIT_CONVERSION = YES;
				GCC_WARN_ABOUT_RETURN_TYPE = YES_ERROR;
				GCC_WARN_UNDECLARED_SELECTOR = YES;
				GCC_WARN_UNINITIALIZED_AUTOS = YES_AGGRESSIVE;
				GCC_WARN_UNUSED_FUNCTION = YES;
				GCC_WARN_UNUSED_VARIABLE = YES;
				IPHONEOS_DEPLOYMENT_TARGET = 11.0;
				MTL_ENABLE_DEBUG_INFO = YES;
				ONLY_ACTIVE_ARCH = YES;
				SDKROOT = iphoneos;
			};
			name = Debug;
		};
		A020E7BE1F7FEC0A0012A86F /* Release */ = {
			isa = XCBuildConfiguration;
			buildSettings = {
				ALWAYS_SEARCH_USER_PATHS = NO;
				CLANG_ANALYZER_NONNULL = YES;
				CLANG_ANALYZER_NUMBER_OBJECT_CONVERSION = YES_AGGRESSIVE;
				CLANG_CXX_LANGUAGE_STANDARD = "gnu++14";
				CLANG_CXX_LIBRARY = "libc++";
				CLANG_ENABLE_MODULES = YES;
				CLANG_ENABLE_OBJC_ARC = YES;
				CLANG_WARN_BLOCK_CAPTURE_AUTORELEASING = YES;
				CLANG_WARN_BOOL_CONVERSION = YES;
				CLANG_WARN_COMMA = YES;
				CLANG_WARN_CONSTANT_CONVERSION = YES;
				CLANG_WARN_DIRECT_OBJC_ISA_USAGE = YES_ERROR;
				CLANG_WARN_DOCUMENTATION_COMMENTS = YES;
				CLANG_WARN_EMPTY_BODY = YES;
				CLANG_WARN_ENUM_CONVERSION = YES;
				CLANG_WARN_INFINITE_RECURSION = YES;
				CLANG_WARN_INT_CONVERSION = YES;
				CLANG_WARN_NON_LITERAL_NULL_CONVERSION = YES;
				CLANG_WARN_OBJC_LITERAL_CONVERSION = YES;
				CLANG_WARN_OBJC_ROOT_CLASS = YES_ERROR;
				CLANG_WARN_RANGE_LOOP_ANALYSIS = YES;
				CLANG_WARN_STRICT_PROTOTYPES = YES;
				CLANG_WARN_SUSPICIOUS_MOVE = YES;
				CLANG_WARN_UNGUARDED_AVAILABILITY = YES_AGGRESSIVE;
				CLANG_WARN_UNREACHABLE_CODE = YES;
				CLANG_WARN__DUPLICATE_METHOD_MATCH = YES;
				CODE_SIGN_IDENTITY = "iPhone Developer";
				COPY_PHASE_STRIP = NO;
				DEBUG_INFORMATION_FORMAT = "dwarf-with-dsym";
				ENABLE_NS_ASSERTIONS = NO;
				ENABLE_STRICT_OBJC_MSGSEND = YES;
				GCC_C_LANGUAGE_STANDARD = gnu11;
				GCC_NO_COMMON_BLOCKS = YES;
				GCC_WARN_64_TO_32_BIT_CONVERSION = YES;
				GCC_WARN_ABOUT_RETURN_TYPE = YES_ERROR;
				GCC_WARN_UNDECLARED_SELECTOR = YES;
				GCC_WARN_UNINITIALIZED_AUTOS = YES_AGGRESSIVE;
				GCC_WARN_UNUSED_FUNCTION = YES;
				GCC_WARN_UNUSED_VARIABLE = YES;
				IPHONEOS_DEPLOYMENT_TARGET = 11.0;
				MTL_ENABLE_DEBUG_INFO = NO;
				SDKROOT = iphoneos;
				VALIDATE_PRODUCT = YES;
			};
			name = Release;
		};
		A020E7C01F7FEC0A0012A86F /* Debug */ = {
			isa = XCBuildConfiguration;
			baseConfigurationReference = E81D3617527F52C78E015A4E /* Pods-Ultimaterugby.debug.xcconfig */;
			buildSettings = {
				ASSETCATALOG_COMPILER_APPICON_NAME = AppIcon;
				CODE_SIGN_STYLE = Automatic;
				DEVELOPMENT_TEAM = 6CG326ELR9;
				INFOPLIST_FILE = Ultimaterugby/Info.plist;
				IPHONEOS_DEPLOYMENT_TARGET = 10.0;
				LD_RUNPATH_SEARCH_PATHS = "$(inherited) @executable_path/Frameworks";
				PRODUCT_BUNDLE_IDENTIFIER = ie.siriuscode.Ultimaterugby;
				PRODUCT_NAME = "$(TARGET_NAME)";
				TARGETED_DEVICE_FAMILY = "1,2";
			};
			name = Debug;
		};
		A020E7C11F7FEC0A0012A86F /* Release */ = {
			isa = XCBuildConfiguration;
			baseConfigurationReference = 30F2903AFF1F0DAD87D40D57 /* Pods-Ultimaterugby.release.xcconfig */;
			buildSettings = {
				ASSETCATALOG_COMPILER_APPICON_NAME = AppIcon;
				CODE_SIGN_STYLE = Automatic;
				DEVELOPMENT_TEAM = 6CG326ELR9;
				INFOPLIST_FILE = Ultimaterugby/Info.plist;
				IPHONEOS_DEPLOYMENT_TARGET = 10.0;
				LD_RUNPATH_SEARCH_PATHS = "$(inherited) @executable_path/Frameworks";
				PRODUCT_BUNDLE_IDENTIFIER = ie.siriuscode.Ultimaterugby;
				PRODUCT_NAME = "$(TARGET_NAME)";
				TARGETED_DEVICE_FAMILY = "1,2";
			};
			name = Release;
		};
		A020E7C31F7FEC0A0012A86F /* Debug */ = {
			isa = XCBuildConfiguration;
			baseConfigurationReference = C681B3DDA7ED41B28A5F5A73 /* Pods-UltimaterugbyTests.debug.xcconfig */;
			buildSettings = {
				BUNDLE_LOADER = "$(TEST_HOST)";
				CODE_SIGN_STYLE = Automatic;
				DEVELOPMENT_TEAM = 6CG326ELR9;
				INFOPLIST_FILE = UltimaterugbyTests/Info.plist;
				LD_RUNPATH_SEARCH_PATHS = "$(inherited) @executable_path/Frameworks @loader_path/Frameworks";
				PRODUCT_BUNDLE_IDENTIFIER = ie.siriuscode.UltimaterugbyTests;
				PRODUCT_NAME = "$(TARGET_NAME)";
				TARGETED_DEVICE_FAMILY = "1,2";
				TEST_HOST = "$(BUILT_PRODUCTS_DIR)/Ultimaterugby.app/Ultimaterugby";
			};
			name = Debug;
		};
		A020E7C41F7FEC0A0012A86F /* Release */ = {
			isa = XCBuildConfiguration;
			baseConfigurationReference = E3E66E14D63A729DDF8551FA /* Pods-UltimaterugbyTests.release.xcconfig */;
			buildSettings = {
				BUNDLE_LOADER = "$(TEST_HOST)";
				CODE_SIGN_STYLE = Automatic;
				DEVELOPMENT_TEAM = 6CG326ELR9;
				INFOPLIST_FILE = UltimaterugbyTests/Info.plist;
				LD_RUNPATH_SEARCH_PATHS = "$(inherited) @executable_path/Frameworks @loader_path/Frameworks";
				PRODUCT_BUNDLE_IDENTIFIER = ie.siriuscode.UltimaterugbyTests;
				PRODUCT_NAME = "$(TARGET_NAME)";
				TARGETED_DEVICE_FAMILY = "1,2";
				TEST_HOST = "$(BUILT_PRODUCTS_DIR)/Ultimaterugby.app/Ultimaterugby";
			};
			name = Release;
		};
/* End XCBuildConfiguration section */

/* Begin XCConfigurationList section */
		A020E7991F7FEC0A0012A86F /* Build configuration list for PBXProject "Ultimaterugby" */ = {
			isa = XCConfigurationList;
			buildConfigurations = (
				A020E7BD1F7FEC0A0012A86F /* Debug */,
				A020E7BE1F7FEC0A0012A86F /* Release */,
			);
			defaultConfigurationIsVisible = 0;
			defaultConfigurationName = Release;
		};
		A020E7BF1F7FEC0A0012A86F /* Build configuration list for PBXNativeTarget "Ultimaterugby" */ = {
			isa = XCConfigurationList;
			buildConfigurations = (
				A020E7C01F7FEC0A0012A86F /* Debug */,
				A020E7C11F7FEC0A0012A86F /* Release */,
			);
			defaultConfigurationIsVisible = 0;
			defaultConfigurationName = Release;
		};
		A020E7C21F7FEC0A0012A86F /* Build configuration list for PBXNativeTarget "UltimaterugbyTests" */ = {
			isa = XCConfigurationList;
			buildConfigurations = (
				A020E7C31F7FEC0A0012A86F /* Debug */,
				A020E7C41F7FEC0A0012A86F /* Release */,
			);
			defaultConfigurationIsVisible = 0;
			defaultConfigurationName = Release;
		};
/* End XCConfigurationList section */
	};
	rootObject = A020E7961F7FEC0A0012A86F /* Project object */;
}
